
Microsoft Visual Studio Solution File, Format Version 12.00
# Visual Studio Version 16
VisualStudioVersion = 16.0.31613.86
MinimumVisualStudioVersion = 10.0.40219.1
Project("{FAE04EC0-301F-11D3-BF4B-00C04F79EFBC}") = "ScheduleManagement", "ScheduleManagement\ScheduleManagement.csproj", "{F0AD7A0E-F326-40F3-A0B1-F080AE3A036C}"
EndProject
Project("{FAE04EC0-301F-11D3-BF4B-00C04F79EFBC}") = "ScheduleDao", "ScheduleDao\ScheduleDao.csproj", "{62808153-A4F1-4829-A846-5AEDA6F94F9D}"
EndProject
Project("{FAE04EC0-301F-11D3-BF4B-00C04F79EFBC}") = "ScheduleService", "ScheduleService\ScheduleService.csproj", "{691C46E6-4692-45C7-8206-95208B240494}"
EndProject
Global
	GlobalSection(SolutionConfigurationPlatforms) = preSolution
		Debug|Any CPU = Debug|Any CPU
		Release|Any CPU = Release|Any CPU
	EndGlobalSection
	GlobalSection(ProjectConfigurationPlatforms) = postSolution
		{F0AD7A0E-F326-40F3-A0B1-F080AE3A036C}.Debug|Any CPU.ActiveCfg = Debug|Any CPU
		{F0AD7A0E-F326-40F3-A0B1-F080AE3A036C}.Debug|Any CPU.Build.0 = Debug|Any CPU
		{F0AD7A0E-F326-40F3-A0B1-F080AE3A036C}.Release|Any CPU.ActiveCfg = Release|Any CPU
		{F0AD7A0E-F326-40F3-A0B1-F080AE3A036C}.Release|Any CPU.Build.0 = Release|Any CPU
		{62808153-A4F1-4829-A846-5AEDA6F94F9D}.Debug|Any CPU.ActiveCfg = Debug|Any CPU
		{62808153-A4F1-4829-A846-5AEDA6F94F9D}.Debug|Any CPU.Build.0 = Debug|Any CPU
		{62808153-A4F1-4829-A846-5AEDA6F94F9D}.Release|Any CPU.ActiveCfg = Release|Any CPU
		{62808153-A4F1-4829-A846-5AEDA6F94F9D}.Release|Any CPU.Build.0 = Release|Any CPU
		{691C46E6-4692-45C7-8206-95208B240494}.Debug|Any CPU.ActiveCfg = Debug|Any CPU
		{691C46E6-4692-45C7-8206-95208B240494}.Debug|Any CPU.Build.0 = Debug|Any CPU
		{691C46E6-4692-45C7-8206-95208B240494}.Release|Any CPU.ActiveCfg = Release|Any CPU
		{691C46E6-4692-45C7-8206-95208B240494}.Release|Any CPU.Build.0 = Release|Any CPU
	EndGlobalSection
	GlobalSection(SolutionProperties) = preSolution
		HideSolutionNode = FALSE
	EndGlobalSection
	GlobalSection(ExtensibilityGlobals) = postSolution
		SolutionGuid = {C6D12891-C67D-41ED-8586-F289CA209CB1}
	EndGlobalSection
EndGlobal
